
Microsoft Visual Studio Solution File, Format Version 12.00
# Visual Studio Version 17
VisualStudioVersion = 17.7.34024.191
MinimumVisualStudioVersion = 10.0.40219.1
Project("{FAE04EC0-301F-11D3-BF4B-00C04F79EFBC}") = "Vokabeltrainer", "Vokabeltrainer.csproj", "{96CAF248-3657-4243-AD66-28DB21B7DE71}"
EndProject
Global
	GlobalSection(SolutionConfigurationPlatforms) = preSolution
		Debug|Any CPU = Debug|Any CPU
		Release|Any CPU = Release|Any CPU
	EndGlobalSection
	GlobalSection(ProjectConfigurationPlatforms) = postSolution
		{96CAF248-3657-4243-AD66-28DB21B7DE71}.Debug|Any CPU.ActiveCfg = Debug|Any CPU
		{96CAF248-3657-4243-AD66-28DB21B7DE71}.Debug|Any CPU.Build.0 = Debug|Any CPU
		{96CAF248-3657-4243-AD66-28DB21B7DE71}.Release|Any CPU.ActiveCfg = Release|Any CPU
		{96CAF248-3657-4243-AD66-28DB21B7DE71}.Release|Any CPU.Build.0 = Release|Any CPU
	EndGlobalSection
	GlobalSection(SolutionProperties) = preSolution
		HideSolutionNode = FALSE
	EndGlobalSection
	GlobalSection(ExtensibilityGlobals) = postSolution
		SolutionGuid = {10CCC326-9BB5-4899-B9C6-6CB6D2C93CCC}
	EndGlobalSection
EndGlobal
